
Microsoft Visual Studio Solution File, Format Version 12.00
# Visual Studio for Mac
Project("{FAE04EC0-301F-11D3-BF4B-00C04F79EFBC}") = "thing thing thing", "thing thing thing.csproj", "{AC344065-CDC0-5EFF-BC47-043A56D8E98A}"
EndProject
Project("{FAE04EC0-301F-11D3-BF4B-00C04F79EFBC}") = "thing thing thing.Editor", "thing thing thing.Editor.csproj", "{EB09FC14-F428-455E-B662-0231E17C4DCA}"
EndProject
Global
	GlobalSection(SolutionConfigurationPlatforms) = preSolution
		Debug|Any CPU = Debug|Any CPU
		Release|Any CPU = Release|Any CPU
	EndGlobalSection
	GlobalSection(ProjectConfigurationPlatforms) = postSolution
		{AC344065-CDC0-5EFF-BC47-043A56D8E98A}.Debug|Any CPU.ActiveCfg = Debug|Any CPU
		{AC344065-CDC0-5EFF-BC47-043A56D8E98A}.Debug|Any CPU.Build.0 = Debug|Any CPU
		{AC344065-CDC0-5EFF-BC47-043A56D8E98A}.Release|Any CPU.ActiveCfg = Release|Any CPU
		{AC344065-CDC0-5EFF-BC47-043A56D8E98A}.Release|Any CPU.Build.0 = Release|Any CPU
		{EB09FC14-F428-455E-B662-0231E17C4DCA}.Debug|Any CPU.ActiveCfg = Debug|Any CPU
		{EB09FC14-F428-455E-B662-0231E17C4DCA}.Debug|Any CPU.Build.0 = Debug|Any CPU
		{EB09FC14-F428-455E-B662-0231E17C4DCA}.Release|Any CPU.ActiveCfg = Release|Any CPU
		{EB09FC14-F428-455E-B662-0231E17C4DCA}.Release|Any CPU.Build.0 = Release|Any CPU
	EndGlobalSection
	GlobalSection(SolutionProperties) = preSolution
		HideSolutionNode = FALSE
	EndGlobalSection
EndGlobal
