
Microsoft Visual Studio Solution File, Format Version 11.00
# Visual Studio 2010
Project("{FAE04EC0-301F-11D3-BF4B-00C04F79EFBC}") = "thing-thing-thing", "Assembly-CSharp.csproj", "{C053B535-3F7D-4A54-AFF2-193BAEA83C33}"
EndProject
Project("{FAE04EC0-301F-11D3-BF4B-00C04F79EFBC}") = "thing-thing-thing", "Assembly-CSharp-Editor.csproj", "{6A580B15-5CE0-3C22-F4A9-02E2E2C7BADD}"
EndProject
Global
	GlobalSection(SolutionConfigurationPlatforms) = preSolution
		Debug|Any CPU = Debug|Any CPU
		Release|Any CPU = Release|Any CPU
	EndGlobalSection
	GlobalSection(ProjectConfigurationPlatforms) = postSolution
		{C053B535-3F7D-4A54-AFF2-193BAEA83C33}.Debug|Any CPU.ActiveCfg = Debug|Any CPU
		{C053B535-3F7D-4A54-AFF2-193BAEA83C33}.Debug|Any CPU.Build.0 = Debug|Any CPU
		{C053B535-3F7D-4A54-AFF2-193BAEA83C33}.Release|Any CPU.ActiveCfg = Release|Any CPU
		{C053B535-3F7D-4A54-AFF2-193BAEA83C33}.Release|Any CPU.Build.0 = Release|Any CPU
		{6A580B15-5CE0-3C22-F4A9-02E2E2C7BADD}.Debug|Any CPU.ActiveCfg = Debug|Any CPU
		{6A580B15-5CE0-3C22-F4A9-02E2E2C7BADD}.Debug|Any CPU.Build.0 = Debug|Any CPU
		{6A580B15-5CE0-3C22-F4A9-02E2E2C7BADD}.Release|Any CPU.ActiveCfg = Release|Any CPU
		{6A580B15-5CE0-3C22-F4A9-02E2E2C7BADD}.Release|Any CPU.Build.0 = Release|Any CPU
	EndGlobalSection
	GlobalSection(SolutionProperties) = preSolution
		HideSolutionNode = FALSE
	EndGlobalSection
	GlobalSection(MonoDevelopProperties) = preSolution
		StartupItem = Assembly-CSharp.csproj
	EndGlobalSection
EndGlobal
